
Microsoft Visual Studio Solution File, Format Version 12.00
# Visual Studio Version 16
VisualStudioVersion = 16.0.30907.101
MinimumVisualStudioVersion = 10.0.40219.1
Project("{FAE04EC0-301F-11D3-BF4B-00C04F79EFBC}") = "Game_Project_1", "Game_Project_1\Game_Project_1.csproj", "{A626216C-1167-4623-A2B4-A5F83EFB2476}"
EndProject
Global
	GlobalSection(SolutionConfigurationPlatforms) = preSolution
		Debug|Any CPU = Debug|Any CPU
		Release|Any CPU = Release|Any CPU
	EndGlobalSection
	GlobalSection(ProjectConfigurationPlatforms) = postSolution
		{A626216C-1167-4623-A2B4-A5F83EFB2476}.Debug|Any CPU.ActiveCfg = Debug|Any CPU
		{A626216C-1167-4623-A2B4-A5F83EFB2476}.Debug|Any CPU.Build.0 = Debug|Any CPU
		{A626216C-1167-4623-A2B4-A5F83EFB2476}.Release|Any CPU.ActiveCfg = Release|Any CPU
		{A626216C-1167-4623-A2B4-A5F83EFB2476}.Release|Any CPU.Build.0 = Release|Any CPU
	EndGlobalSection
	GlobalSection(SolutionProperties) = preSolution
		HideSolutionNode = FALSE
	EndGlobalSection
	GlobalSection(ExtensibilityGlobals) = postSolution
		SolutionGuid = {BF0A5DF4-E994-4F63-9F93-681DFEC91F64}
	EndGlobalSection
EndGlobal
